// !$*UTF8*$!
{
	archiveVersion = 1;
	classes = {
	};
	objectVersion = 55;
	objects = {

/* Begin PBXBuildFile section */
		6D633A2B272F393B00EAC81C /* AppDelegate.swift in Sources */ = {isa = PBXBuildFile; fileRef = 6D633A2A272F393B00EAC81C /* AppDelegate.swift */; };
		6D633A2D272F393B00EAC81C /* SceneDelegate.swift in Sources */ = {isa = PBXBuildFile; fileRef = 6D633A2C272F393B00EAC81C /* SceneDelegate.swift */; };
		6D633A2F272F393B00EAC81C /* ViewController.swift in Sources */ = {isa = PBXBuildFile; fileRef = 6D633A2E272F393B00EAC81C /* ViewController.swift */; };
		6D633A32272F393B00EAC81C /* Main.storyboard in Resources */ = {isa = PBXBuildFile; fileRef = 6D633A30272F393B00EAC81C /* Main.storyboard */; };
		6D633A34272F393D00EAC81C /* Assets.xcassets in Resources */ = {isa = PBXBuildFile; fileRef = 6D633A33272F393D00EAC81C /* Assets.xcassets */; };
		6D633A37272F393D00EAC81C /* LaunchScreen.storyboard in Resources */ = {isa = PBXBuildFile; fileRef = 6D633A35272F393D00EAC81C /* LaunchScreen.storyboard */; };
		6D633A3F272F3D3900EAC81C /* ManagePulsingAnimation.swift in Sources */ = {isa = PBXBuildFile; fileRef = 6D633A3E272F3D3900EAC81C /* ManagePulsingAnimation.swift */; };
/* End PBXBuildFile section */

/* Begin PBXFileReference section */
		6D633A27272F393B00EAC81C /* Notification_Exp.app */ = {isa = PBXFileReference; explicitFileType = wrapper.application; includeInIndex = 0; path = Notification_Exp.app; sourceTree = BUILT_PRODUCTS_DIR; };
		6D633A2A272F393B00EAC81C /* AppDelegate.swift */ = {isa = PBXFileReference; lastKnownFileType = sourcecode.swift; path = AppDelegate.swift; sourceTree = "<group>"; };
		6D633A2C272F393B00EAC81C /* SceneDelegate.swift */ = {isa = PBXFileReference; lastKnownFileType = sourcecode.swift; path = SceneDelegate.swift; sourceTree = "<group>"; };
		6D633A2E272F393B00EAC81C /* ViewController.swift */ = {isa = PBXFileReference; lastKnownFileType = sourcecode.swift; path = ViewController.swift; sourceTree = "<group>"; };
		6D633A31272F393B00EAC81C /* Base */ = {isa = PBXFileReference; lastKnownFileType = file.storyboard; name = Base; path = Base.lproj/Main.storyboard; sourceTree = "<group>"; };
		6D633A33272F393D00EAC81C /* Assets.xcassets */ = {isa = PBXFileReference; lastKnownFileType = folder.assetcatalog; path = Assets.xcassets; sourceTree = "<group>"; };
		6D633A36272F393D00EAC81C /* Base */ = {isa = PBXFileReference; lastKnownFileType = file.storyboard; name = Base; path = Base.lproj/LaunchScreen.storyboard; sourceTree = "<group>"; };
		6D633A38272F393D00EAC81C /* Info.plist */ = {isa = PBXFileReference; lastKnownFileType = text.plist.xml; path = Info.plist; sourceTree = "<group>"; };
		6D633A3E272F3D3900EAC81C /* ManagePulsingAnimation.swift */ = {isa = PBXFileReference; lastKnownFileType = sourcecode.swift; path = ManagePulsingAnimation.swift; sourceTree = "<group>"; };
/* End PBXFileReference section */

/* Begin PBXFrameworksBuildPhase section */
		6D633A24272F393B00EAC81C /* Frameworks */ = {
			isa = PBXFrameworksBuildPhase;
			buildActionMask = 2147483647;
			files = (
			);
			runOnlyForDeploymentPostprocessing = 0;
		};
/* End PBXFrameworksBuildPhase section */

/* Begin PBXGroup section */
		6D633A1E272F393B00EAC81C = {
			isa = PBXGroup;
			children = (
				6D633A29272F393B00EAC81C /* Notification_Exp */,
				6D633A28272F393B00EAC81C /* Products */,
			);
			sourceTree = "<group>";
		};
		6D633A28272F393B00EAC81C /* Products */ = {
			isa = PBXGroup;
			children = (
				6D633A27272F393B00EAC81C /* Notification_Exp.app */,
			);
			name = Products;
			sourceTree = "<group>";
		};
		6D633A29272F393B00EAC81C /* Notification_Exp */ = {
			isa = PBXGroup;
			children = (
				6D633A44272F3DDA00EAC81C /* Helpers & Extensions */,
				6D633A40272F3D8400EAC81C /* Views */,
				6D633A41272F3D8E00EAC81C /* Resources */,
			);
			path = Notification_Exp;
			sourceTree = "<group>";
		};
		6D633A40272F3D8400EAC81C /* Views */ = {
			isa = PBXGroup;
			children = (
				6D633A43272F3DC000EAC81C /* View Controllers */,
				6D633A42272F3DB400EAC81C /* Storyboards */,
			);
			path = Views;
			sourceTree = "<group>";
		};
		6D633A41272F3D8E00EAC81C /* Resources */ = {
			isa = PBXGroup;
			children = (
				6D633A2A272F393B00EAC81C /* AppDelegate.swift */,
				6D633A2C272F393B00EAC81C /* SceneDelegate.swift */,
				6D633A33272F393D00EAC81C /* Assets.xcassets */,
				6D633A38272F393D00EAC81C /* Info.plist */,
			);
			path = Resources;
			sourceTree = "<group>";
		};
		6D633A42272F3DB400EAC81C /* Storyboards */ = {
			isa = PBXGroup;
			children = (
				6D633A30272F393B00EAC81C /* Main.storyboard */,
				6D633A35272F393D00EAC81C /* LaunchScreen.storyboard */,
			);
			path = Storyboards;
			sourceTree = "<group>";
		};
		6D633A43272F3DC000EAC81C /* View Controllers */ = {
			isa = PBXGroup;
			children = (
				6D633A2E272F393B00EAC81C /* ViewController.swift */,
			);
			path = "View Controllers";
			sourceTree = "<group>";
		};
		6D633A44272F3DDA00EAC81C /* Helpers & Extensions */ = {
			isa = PBXGroup;
			children = (
				6D633A3E272F3D3900EAC81C /* ManagePulsingAnimation.swift */,
			);
			path = "Helpers & Extensions";
			sourceTree = "<group>";
		};
/* End PBXGroup section */

/* Begin PBXNativeTarget section */
		6D633A26272F393B00EAC81C /* Notification_Exp */ = {
			isa = PBXNativeTarget;
			buildConfigurationList = 6D633A3B272F393D00EAC81C /* Build configuration list for PBXNativeTarget "Notification_Exp" */;
			buildPhases = (
				6D633A23272F393B00EAC81C /* Sources */,
				6D633A24272F393B00EAC81C /* Frameworks */,
				6D633A25272F393B00EAC81C /* Resources */,
			);
			buildRules = (
			);
			dependencies = (
			);
			name = Notification_Exp;
			productName = Notification_Exp;
			productReference = 6D633A27272F393B00EAC81C /* Notification_Exp.app */;
			productType = "com.apple.product-type.application";
		};
/* End PBXNativeTarget section */

/* Begin PBXProject section */
		6D633A1F272F393B00EAC81C /* Project object */ = {
			isa = PBXProject;
			attributes = {
				BuildIndependentTargetsInParallel = 1;
				LastSwiftUpdateCheck = 1310;
				LastUpgradeCheck = 1310;
				TargetAttributes = {
					6D633A26272F393B00EAC81C = {
						CreatedOnToolsVersion = 13.1;
					};
				};
			};
			buildConfigurationList = 6D633A22272F393B00EAC81C /* Build configuration list for PBXProject "Notification_Exp" */;
			compatibilityVersion = "Xcode 13.0";
			developmentRegion = en;
			hasScannedForEncodings = 0;
			knownRegions = (
				en,
				Base,
			);
			mainGroup = 6D633A1E272F393B00EAC81C;
			productRefGroup = 6D633A28272F393B00EAC81C /* Products */;
			projectDirPath = "";
			projectRoot = "";
			targets = (
				6D633A26272F393B00EAC81C /* Notification_Exp */,
			);
		};
/* End PBXProject section */

/* Begin PBXResourcesBuildPhase section */
		6D633A25272F393B00EAC81C /* Resources */ = {
			isa = PBXResourcesBuildPhase;
			buildActionMask = 2147483647;
			files = (
				6D633A37272F393D00EAC81C /* LaunchScreen.storyboard in Resources */,
				6D633A34272F393D00EAC81C /* Assets.xcassets in Resources */,
				6D633A32272F393B00EAC81C /* Main.storyboard in Resources */,
			);
			runOnlyForDeploymentPostprocessing = 0;
		};
/* End PBXResourcesBuildPhase section */

/* Begin PBXSourcesBuildPhase section */
		6D633A23272F393B00EAC81C /* Sources */ = {
			isa = PBXSourcesBuildPhase;
			buildActionMask = 2147483647;
			files = (
				6D633A2F272F393B00EAC81C /* ViewController.swift in Sources */,
				6D633A2B272F393B00EAC81C /* AppDelegate.swift in Sources */,
				6D633A3F272F3D3900EAC81C /* ManagePulsingAnimation.swift in Sources */,
				6D633A2D272F393B00EAC81C /* SceneDelegate.swift in Sources */,
			);
			runOnlyForDeploymentPostprocessing = 0;
		};
/* End PBXSourcesBuildPhase section */

/* Begin PBXVariantGroup section */
		6D633A30272F393B00EAC81C /* Main.storyboard */ = {
			isa = PBXVariantGroup;
			children = (
				6D633A31272F393B00EAC81C /* Base */,
			);
			name = Main.storyboard;
			sourceTree = "<group>";
		};
		6D633A35272F393D00EAC81C /* LaunchScreen.storyboard */ = {
			isa = PBXVariantGroup;
			children = (
				6D633A36272F393D00EAC81C /* Base */,
			);
			name = LaunchScreen.storyboard;
			sourceTree = "<group>";
		};
/* End PBXVariantGroup section */

/* Begin XCBuildConfiguration section */
		6D633A39272F393D00EAC81C /* Debug */ = {
			isa = XCBuildConfiguration;
			buildSettings = {
				ALWAYS_SEARCH_USER_PATHS = NO;
				CLANG_ANALYZER_NONNULL = YES;
				CLANG_ANALYZER_NUMBER_OBJECT_CONVERSION = YES_AGGRESSIVE;
				CLANG_CXX_LANGUAGE_STANDARD = "gnu++17";
				CLANG_CXX_LIBRARY = "libc++";
				CLANG_ENABLE_MODULES = YES;
				CLANG_ENABLE_OBJC_ARC = YES;
				CLANG_ENABLE_OBJC_WEAK = YES;
				CLANG_WARN_BLOCK_CAPTURE_AUTORELEASING = YES;
				CLANG_WARN_BOOL_CONVERSION = YES;
				CLANG_WARN_COMMA = YES;
				CLANG_WARN_CONSTANT_CONVERSION = YES;
				CLANG_WARN_DEPRECATED_OBJC_IMPLEMENTATIONS = YES;
				CLANG_WARN_DIRECT_OBJC_ISA_USAGE = YES_ERROR;
				CLANG_WARN_DOCUMENTATION_COMMENTS = YES;
				CLANG_WARN_EMPTY_BODY = YES;
				CLANG_WARN_ENUM_CONVERSION = YES;
				CLANG_WARN_INFINITE_RECURSION = YES;
				CLANG_WARN_INT_CONVERSION = YES;
				CLANG_WARN_NON_LITERAL_NULL_CONVERSION = YES;
				CLANG_WARN_OBJC_IMPLICIT_RETAIN_SELF = YES;
				CLANG_WARN_OBJC_LITERAL_CONVERSION = YES;
				CLANG_WARN_OBJC_ROOT_CLASS = YES_ERROR;
				CLANG_WARN_QUOTED_INCLUDE_IN_FRAMEWORK_HEADER = YES;
				CLANG_WARN_RANGE_LOOP_ANALYSIS = YES;
				CLANG_WARN_STRICT_PROTOTYPES = YES;
				CLANG_WARN_SUSPICIOUS_MOVE = YES;
				CLANG_WARN_UNGUARDED_AVAILABILITY = YES_AGGRESSIVE;
				CLANG_WARN_UNREACHABLE_CODE = YES;
				CLANG_WARN__DUPLICATE_METHOD_MATCH = YES;
				COPY_PHASE_STRIP = NO;
				DEBUG_INFORMATION_FORMAT = dwarf;
				ENABLE_STRICT_OBJC_MSGSEND = YES;
				ENABLE_TESTABILITY = YES;
				GCC_C_LANGUAGE_STANDARD = gnu11;
				GCC_DYNAMIC_NO_PIC = NO;
				GCC_NO_COMMON_BLOCKS = YES;
				GCC_OPTIMIZATION_LEVEL = 0;
				GCC_PREPROCESSOR_DEFINITIONS = (
					"DEBUG=1",
					"$(inherited)",
				);
				GCC_WARN_64_TO_32_BIT_CONVERSION = YES;
				GCC_WARN_ABOUT_RETURN_TYPE = YES_ERROR;
				GCC_WARN_UNDECLARED_SELECTOR = YES;
				GCC_WARN_UNINITIALIZED_AUTOS = YES_AGGRESSIVE;
				GCC_WARN_UNUSED_FUNCTION = YES;
				GCC_WARN_UNUSED_VARIABLE = YES;
				IPHONEOS_DEPLOYMENT_TARGET = 15.0;
				MTL_ENABLE_DEBUG_INFO = INCLUDE_SOURCE;
				MTL_FAST_MATH = YES;
				ONLY_ACTIVE_ARCH = YES;
				SDKROOT = iphoneos;
				SWIFT_ACTIVE_COMPILATION_CONDITIONS = DEBUG;
				SWIFT_OPTIMIZATION_LEVEL = "-Onone";
			};
			name = Debug;
		};
		6D633A3A272F393D00EAC81C /* Release */ = {
			isa = XCBuildConfiguration;
			buildSettings = {
				ALWAYS_SEARCH_USER_PATHS = NO;
				CLANG_ANALYZER_NONNULL = YES;
				CLANG_ANALYZER_NUMBER_OBJECT_CONVERSION = YES_AGGRESSIVE;
				CLANG_CXX_LANGUAGE_STANDARD = "gnu++17";
				CLANG_CXX_LIBRARY = "libc++";
				CLANG_ENABLE_MODULES = YES;
				CLANG_ENABLE_OBJC_ARC = YES;
				CLANG_ENABLE_OBJC_WEAK = YES;
				CLANG_WARN_BLOCK_CAPTURE_AUTORELEASING = YES;
				CLANG_WARN_BOOL_CONVERSION = YES;
				CLANG_WARN_COMMA = YES;
				CLANG_WARN_CONSTANT_CONVERSION = YES;
				CLANG_WARN_DEPRECATED_OBJC_IMPLEMENTATIONS = YES;
				CLANG_WARN_DIRECT_OBJC_ISA_USAGE = YES_ERROR;
				CLANG_WARN_DOCUMENTATION_COMMENTS = YES;
				CLANG_WARN_EMPTY_BODY = YES;
				CLANG_WARN_ENUM_CONVERSION = YES;
				CLANG_WARN_INFINITE_RECURSION = YES;
				CLANG_WARN_INT_CONVERSION = YES;
				CLANG_WARN_NON_LITERAL_NULL_CONVERSION = YES;
				CLANG_WARN_OBJC_IMPLICIT_RETAIN_SELF = YES;
				CLANG_WARN_OBJC_LITERAL_CONVERSION = YES;
				CLANG_WARN_OBJC_ROOT_CLASS = YES_ERROR;
				CLANG_WARN_QUOTED_INCLUDE_IN_FRAMEWORK_HEADER = YES;
				CLANG_WARN_RANGE_LOOP_ANALYSIS = YES;
				CLANG_WARN_STRICT_PROTOTYPES = YES;
				CLANG_WARN_SUSPICIOUS_MOVE = YES;
				CLANG_WARN_UNGUARDED_AVAILABILITY = YES_AGGRESSIVE;
				CLANG_WARN_UNREACHABLE_CODE = YES;
				CLANG_WARN__DUPLICATE_METHOD_MATCH = YES;
				COPY_PHASE_STRIP = NO;
				DEBUG_INFORMATION_FORMAT = "dwarf-with-dsym";
				ENABLE_NS_ASSERTIONS = NO;
				ENABLE_STRICT_OBJC_MSGSEND = YES;
				GCC_C_LANGUAGE_STANDARD = gnu11;
				GCC_NO_COMMON_BLOCKS = YES;
				GCC_WARN_64_TO_32_BIT_CONVERSION = YES;
				GCC_WARN_ABOUT_RETURN_TYPE = YES_ERROR;
				GCC_WARN_UNDECLARED_SELECTOR = YES;
				GCC_WARN_UNINITIALIZED_AUTOS = YES_AGGRESSIVE;
				GCC_WARN_UNUSED_FUNCTION = YES;
				GCC_WARN_UNUSED_VARIABLE = YES;
				IPHONEOS_DEPLOYMENT_TARGET = 15.0;
				MTL_ENABLE_DEBUG_INFO = NO;
				MTL_FAST_MATH = YES;
				SDKROOT = iphoneos;
				SWIFT_COMPILATION_MODE = wholemodule;
				SWIFT_OPTIMIZATION_LEVEL = "-O";
				VALIDATE_PRODUCT = YES;
			};
			name = Release;
		};
		6D633A3C272F393D00EAC81C /* Debug */ = {
			isa = XCBuildConfiguration;
			buildSettings = {
				ASSETCATALOG_COMPILER_APPICON_NAME = AppIcon;
				ASSETCATALOG_COMPILER_GLOBAL_ACCENT_COLOR_NAME = AccentColor;
				CODE_SIGN_STYLE = Automatic;
				CURRENT_PROJECT_VERSION = 1;
				DEVELOPMENT_TEAM = 6T94248RU7;
				GENERATE_INFOPLIST_FILE = YES;
				INFOPLIST_FILE = Notification_Exp/Resources/Info.plist;
				INFOPLIST_KEY_UIApplicationSupportsIndirectInputEvents = YES;
				INFOPLIST_KEY_UILaunchStoryboardName = LaunchScreen;
				INFOPLIST_KEY_UIMainStoryboardFile = Main;
				INFOPLIST_KEY_UISupportedInterfaceOrientations_iPad = "UIInterfaceOrientationPortrait UIInterfaceOrientationPortraitUpsideDown UIInterfaceOrientationLandscapeLeft UIInterfaceOrientationLandscapeRight";
				INFOPLIST_KEY_UISupportedInterfaceOrientations_iPhone = "UIInterfaceOrientationPortrait UIInterfaceOrientationLandscapeLeft UIInterfaceOrientationLandscapeRight";
				LD_RUNPATH_SEARCH_PATHS = (
					"$(inherited)",
					"@executable_path/Frameworks",
				);
				MARKETING_VERSION = 1.0;
				PRODUCT_BUNDLE_IDENTIFIER = "com.ShakFeizi.Notification-Exp";
				PRODUCT_NAME = "$(TARGET_NAME)";
				SWIFT_EMIT_LOC_STRINGS = YES;
				SWIFT_VERSION = 5.0;
				TARGETED_DEVICE_FAMILY = "1,2";
			};
			name = Debug;
		};
		6D633A3D272F393D00EAC81C /* Release */ = {
			isa = XCBuildConfiguration;
			buildSettings = {
				ASSETCATALOG_COMPILER_APPICON_NAME = AppIcon;
				ASSETCATALOG_COMPILER_GLOBAL_ACCENT_COLOR_NAME = AccentColor;
				CODE_SIGN_STYLE = Automatic;
				CURRENT_PROJECT_VERSION = 1;
				DEVELOPMENT_TEAM = 6T94248RU7;
				GENERATE_INFOPLIST_FILE = YES;
				INFOPLIST_FILE = Notification_Exp/Resources/Info.plist;
				INFOPLIST_KEY_UIApplicationSupportsIndirectInputEvents = YES;
				INFOPLIST_KEY_UILaunchStoryboardName = LaunchScreen;
				INFOPLIST_KEY_UIMainStoryboardFile = Main;
				INFOPLIST_KEY_UISupportedInterfaceOrientations_iPad = "UIInterfaceOrientationPortrait UIInterfaceOrientationPortraitUpsideDown UIInterfaceOrientationLandscapeLeft UIInterfaceOrientationLandscapeRight";
				INFOPLIST_KEY_UISupportedInterfaceOrientations_iPhone = "UIInterfaceOrientationPortrait UIInterfaceOrientationLandscapeLeft UIInterfaceOrientationLandscapeRight";
				LD_RUNPATH_SEARCH_PATHS = (
					"$(inherited)",
					"@executable_path/Frameworks",
				);
				MARKETING_VERSION = 1.0;
				PRODUCT_BUNDLE_IDENTIFIER = "com.ShakFeizi.Notification-Exp";
				PRODUCT_NAME = "$(TARGET_NAME)";
				SWIFT_EMIT_LOC_STRINGS = YES;
				SWIFT_VERSION = 5.0;
				TARGETED_DEVICE_FAMILY = "1,2";
			};
			name = Release;
		};
/* End XCBuildConfiguration section */

/* Begin XCConfigurationList section */
		6D633A22272F393B00EAC81C /* Build configuration list for PBXProject "Notification_Exp" */ = {
			isa = XCConfigurationList;
			buildConfigurations = (
				6D633A39272F393D00EAC81C /* Debug */,
				6D633A3A272F393D00EAC81C /* Release */,
			);
			defaultConfigurationIsVisible = 0;
			defaultConfigurationName = Release;
		};
		6D633A3B272F393D00EAC81C /* Build configuration list for PBXNativeTarget "Notification_Exp" */ = {
			isa = XCConfigurationList;
			buildConfigurations = (
				6D633A3C272F393D00EAC81C /* Debug */,
				6D633A3D272F393D00EAC81C /* Release */,
			);
			defaultConfigurationIsVisible = 0;
			defaultConfigurationName = Release;
		};
/* End XCConfigurationList section */
	};
	rootObject = 6D633A1F272F393B00EAC81C /* Project object */;
}
